
Microsoft Visual Studio Solution File, Format Version 12.00
# Visual Studio Version 17
VisualStudioVersion = 17.14.36202.13
MinimumVisualStudioVersion = 10.0.40219.1
Project("{FAE04EC0-301F-11D3-BF4B-00C04F79EFBC}") = "AvalonReader", "AvalonReader\AvalonReader.csproj", "{57E62D7E-4E8B-4458-88C7-4BFAD29812DC}"
EndProject
Global
	GlobalSection(SolutionConfigurationPlatforms) = preSolution
		Debug|Any CPU = Debug|Any CPU
		Release|Any CPU = Release|Any CPU
	EndGlobalSection
	GlobalSection(ProjectConfigurationPlatforms) = postSolution
		{57E62D7E-4E8B-4458-88C7-4BFAD29812DC}.Debug|Any CPU.ActiveCfg = Debug|Any CPU
		{57E62D7E-4E8B-4458-88C7-4BFAD29812DC}.Debug|Any CPU.Build.0 = Debug|Any CPU
		{57E62D7E-4E8B-4458-88C7-4BFAD29812DC}.Release|Any CPU.ActiveCfg = Release|Any CPU
		{57E62D7E-4E8B-4458-88C7-4BFAD29812DC}.Release|Any CPU.Build.0 = Release|Any CPU
	EndGlobalSection
	GlobalSection(SolutionProperties) = preSolution
		HideSolutionNode = FALSE
	EndGlobalSection
	GlobalSection(ExtensibilityGlobals) = postSolution
		SolutionGuid = {C27A2387-4B0C-461C-8DE2-8E231F0BF86E}
	EndGlobalSection
EndGlobal
